// !$*UTF8*$!
{
	archiveVersion = 1;
	classes = {
	};
	objectVersion = 50;
	objects = {

/* Begin PBXBuildFile section */
		91F10F462760E33D009468C4 /* AppDelegate.swift in Sources */ = {isa = PBXBuildFile; fileRef = 91F10F452760E33D009468C4 /* AppDelegate.swift */; };
		91F10F482760E33D009468C4 /* SceneDelegate.swift in Sources */ = {isa = PBXBuildFile; fileRef = 91F10F472760E33D009468C4 /* SceneDelegate.swift */; };
		91F10F4A2760E33D009468C4 /* ViewController.swift in Sources */ = {isa = PBXBuildFile; fileRef = 91F10F492760E33D009468C4 /* ViewController.swift */; };
		91F10F4D2760E33D009468C4 /* Main.storyboard in Resources */ = {isa = PBXBuildFile; fileRef = 91F10F4B2760E33D009468C4 /* Main.storyboard */; };
		91F10F502760E33D009468C4 /* _5_puzzle.xcdatamodeld in Sources */ = {isa = PBXBuildFile; fileRef = 91F10F4E2760E33D009468C4 /* _5_puzzle.xcdatamodeld */; };
		91F10F522760E33E009468C4 /* Assets.xcassets in Resources */ = {isa = PBXBuildFile; fileRef = 91F10F512760E33E009468C4 /* Assets.xcassets */; };
		91F10F552760E33E009468C4 /* LaunchScreen.storyboard in Resources */ = {isa = PBXBuildFile; fileRef = 91F10F532760E33E009468C4 /* LaunchScreen.storyboard */; };
/* End PBXBuildFile section */

/* Begin PBXFileReference section */
		91F10F422760E33D009468C4 /* 15-puzzle.app */ = {isa = PBXFileReference; explicitFileType = wrapper.application; includeInIndex = 0; path = "15-puzzle.app"; sourceTree = BUILT_PRODUCTS_DIR; };
		91F10F452760E33D009468C4 /* AppDelegate.swift */ = {isa = PBXFileReference; lastKnownFileType = sourcecode.swift; path = AppDelegate.swift; sourceTree = "<group>"; };
		91F10F472760E33D009468C4 /* SceneDelegate.swift */ = {isa = PBXFileReference; lastKnownFileType = sourcecode.swift; path = SceneDelegate.swift; sourceTree = "<group>"; };
		91F10F492760E33D009468C4 /* ViewController.swift */ = {isa = PBXFileReference; lastKnownFileType = sourcecode.swift; path = ViewController.swift; sourceTree = "<group>"; };
		91F10F4C2760E33D009468C4 /* Base */ = {isa = PBXFileReference; lastKnownFileType = file.storyboard; name = Base; path = Base.lproj/Main.storyboard; sourceTree = "<group>"; };
		91F10F4F2760E33D009468C4 /* _5_puzzle.xcdatamodel */ = {isa = PBXFileReference; lastKnownFileType = wrapper.xcdatamodel; path = _5_puzzle.xcdatamodel; sourceTree = "<group>"; };
		91F10F512760E33E009468C4 /* Assets.xcassets */ = {isa = PBXFileReference; lastKnownFileType = folder.assetcatalog; path = Assets.xcassets; sourceTree = "<group>"; };
		91F10F542760E33E009468C4 /* Base */ = {isa = PBXFileReference; lastKnownFileType = file.storyboard; name = Base; path = Base.lproj/LaunchScreen.storyboard; sourceTree = "<group>"; };
		91F10F562760E33E009468C4 /* Info.plist */ = {isa = PBXFileReference; lastKnownFileType = text.plist.xml; path = Info.plist; sourceTree = "<group>"; };
/* End PBXFileReference section */

/* Begin PBXFrameworksBuildPhase section */
		91F10F3F2760E33D009468C4 /* Frameworks */ = {
			isa = PBXFrameworksBuildPhase;
			buildActionMask = 2147483647;
			files = (
			);
			runOnlyForDeploymentPostprocessing = 0;
		};
/* End PBXFrameworksBuildPhase section */

/* Begin PBXGroup section */
		91F10F392760E33D009468C4 = {
			isa = PBXGroup;
			children = (
				91F10F442760E33D009468C4 /* 15-puzzle */,
				91F10F432760E33D009468C4 /* Products */,
			);
			sourceTree = "<group>";
		};
		91F10F432760E33D009468C4 /* Products */ = {
			isa = PBXGroup;
			children = (
				91F10F422760E33D009468C4 /* 15-puzzle.app */,
			);
			name = Products;
			sourceTree = "<group>";
		};
		91F10F442760E33D009468C4 /* 15-puzzle */ = {
			isa = PBXGroup;
			children = (
				91F10F452760E33D009468C4 /* AppDelegate.swift */,
				91F10F472760E33D009468C4 /* SceneDelegate.swift */,
				91F10F492760E33D009468C4 /* ViewController.swift */,
				91F10F4B2760E33D009468C4 /* Main.storyboard */,
				91F10F512760E33E009468C4 /* Assets.xcassets */,
				91F10F532760E33E009468C4 /* LaunchScreen.storyboard */,
				91F10F562760E33E009468C4 /* Info.plist */,
				91F10F4E2760E33D009468C4 /* _5_puzzle.xcdatamodeld */,
			);
			path = "15-puzzle";
			sourceTree = "<group>";
		};
/* End PBXGroup section */

/* Begin PBXNativeTarget section */
		91F10F412760E33D009468C4 /* 15-puzzle */ = {
			isa = PBXNativeTarget;
			buildConfigurationList = 91F10F592760E33E009468C4 /* Build configuration list for PBXNativeTarget "15-puzzle" */;
			buildPhases = (
				91F10F3E2760E33D009468C4 /* Sources */,
				91F10F3F2760E33D009468C4 /* Frameworks */,
				91F10F402760E33D009468C4 /* Resources */,
			);
			buildRules = (
			);
			dependencies = (
			);
			name = "15-puzzle";
			productName = "15-puzzle";
			productReference = 91F10F422760E33D009468C4 /* 15-puzzle.app */;
			productType = "com.apple.product-type.application";
		};
/* End PBXNativeTarget section */

/* Begin PBXProject section */
		91F10F3A2760E33D009468C4 /* Project object */ = {
			isa = PBXProject;
			attributes = {
				LastSwiftUpdateCheck = 1250;
				LastUpgradeCheck = 1250;
				TargetAttributes = {
					91F10F412760E33D009468C4 = {
						CreatedOnToolsVersion = 12.5.1;
					};
				};
			};
			buildConfigurationList = 91F10F3D2760E33D009468C4 /* Build configuration list for PBXProject "15-puzzle" */;
			compatibilityVersion = "Xcode 9.3";
			developmentRegion = en;
			hasScannedForEncodings = 0;
			knownRegions = (
				en,
				Base,
			);
			mainGroup = 91F10F392760E33D009468C4;
			productRefGroup = 91F10F432760E33D009468C4 /* Products */;
			projectDirPath = "";
			projectRoot = "";
			targets = (
				91F10F412760E33D009468C4 /* 15-puzzle */,
			);
		};
/* End PBXProject section */

/* Begin PBXResourcesBuildPhase section */
		91F10F402760E33D009468C4 /* Resources */ = {
			isa = PBXResourcesBuildPhase;
			buildActionMask = 2147483647;
			files = (
				91F10F552760E33E009468C4 /* LaunchScreen.storyboard in Resources */,
				91F10F522760E33E009468C4 /* Assets.xcassets in Resources */,
				91F10F4D2760E33D009468C4 /* Main.storyboard in Resources */,
			);
			runOnlyForDeploymentPostprocessing = 0;
		};
/* End PBXResourcesBuildPhase section */

/* Begin PBXSourcesBuildPhase section */
		91F10F3E2760E33D009468C4 /* Sources */ = {
			isa = PBXSourcesBuildPhase;
			buildActionMask = 2147483647;
			files = (
				91F10F4A2760E33D009468C4 /* ViewController.swift in Sources */,
				91F10F462760E33D009468C4 /* AppDelegate.swift in Sources */,
				91F10F482760E33D009468C4 /* SceneDelegate.swift in Sources */,
				91F10F502760E33D009468C4 /* _5_puzzle.xcdatamodeld in Sources */,
			);
			runOnlyForDeploymentPostprocessing = 0;
		};
/* End PBXSourcesBuildPhase section */

/* Begin PBXVariantGroup section */
		91F10F4B2760E33D009468C4 /* Main.storyboard */ = {
			isa = PBXVariantGroup;
			children = (
				91F10F4C2760E33D009468C4 /* Base */,
			);
			name = Main.storyboard;
			sourceTree = "<group>";
		};
		91F10F532760E33E009468C4 /* LaunchScreen.storyboard */ = {
			isa = PBXVariantGroup;
			children = (
				91F10F542760E33E009468C4 /* Base */,
			);
			name = LaunchScreen.storyboard;
			sourceTree = "<group>";
		};
/* End PBXVariantGroup section */

/* Begin XCBuildConfiguration section */
		91F10F572760E33E009468C4 /* Debug */ = {
			isa = XCBuildConfiguration;
			buildSettings = {
				ALWAYS_SEARCH_USER_PATHS = NO;
				CLANG_ANALYZER_NONNULL = YES;
				CLANG_ANALYZER_NUMBER_OBJECT_CONVERSION = YES_AGGRESSIVE;
				CLANG_CXX_LANGUAGE_STANDARD = "gnu++14";
				CLANG_CXX_LIBRARY = "libc++";
				CLANG_ENABLE_MODULES = YES;
				CLANG_ENABLE_OBJC_ARC = YES;
				CLANG_ENABLE_OBJC_WEAK = YES;
				CLANG_WARN_BLOCK_CAPTURE_AUTORELEASING = YES;
				CLANG_WARN_BOOL_CONVERSION = YES;
				CLANG_WARN_COMMA = YES;
				CLANG_WARN_CONSTANT_CONVERSION = YES;
				CLANG_WARN_DEPRECATED_OBJC_IMPLEMENTATIONS = YES;
				CLANG_WARN_DIRECT_OBJC_ISA_USAGE = YES_ERROR;
				CLANG_WARN_DOCUMENTATION_COMMENTS = YES;
				CLANG_WARN_EMPTY_BODY = YES;
				CLANG_WARN_ENUM_CONVERSION = YES;
				CLANG_WARN_INFINITE_RECURSION = YES;
				CLANG_WARN_INT_CONVERSION = YES;
				CLANG_WARN_NON_LITERAL_NULL_CONVERSION = YES;
				CLANG_WARN_OBJC_IMPLICIT_RETAIN_SELF = YES;
				CLANG_WARN_OBJC_LITERAL_CONVERSION = YES;
				CLANG_WARN_OBJC_ROOT_CLASS = YES_ERROR;
				CLANG_WARN_QUOTED_INCLUDE_IN_FRAMEWORK_HEADER = YES;
				CLANG_WARN_RANGE_LOOP_ANALYSIS = YES;
				CLANG_WARN_STRICT_PROTOTYPES = YES;
				CLANG_WARN_SUSPICIOUS_MOVE = YES;
				CLANG_WARN_UNGUARDED_AVAILABILITY = YES_AGGRESSIVE;
				CLANG_WARN_UNREACHABLE_CODE = YES;
				CLANG_WARN__DUPLICATE_METHOD_MATCH = YES;
				COPY_PHASE_STRIP = NO;
				DEBUG_INFORMATION_FORMAT = dwarf;
				ENABLE_STRICT_OBJC_MSGSEND = YES;
				ENABLE_TESTABILITY = YES;
				GCC_C_LANGUAGE_STANDARD = gnu11;
				GCC_DYNAMIC_NO_PIC = NO;
				GCC_NO_COMMON_BLOCKS = YES;
				GCC_OPTIMIZATION_LEVEL = 0;
				GCC_PREPROCESSOR_DEFINITIONS = (
					"DEBUG=1",
					"$(inherited)",
				);
				GCC_WARN_64_TO_32_BIT_CONVERSION = YES;
				GCC_WARN_ABOUT_RETURN_TYPE = YES_ERROR;
				GCC_WARN_UNDECLARED_SELECTOR = YES;
				GCC_WARN_UNINITIALIZED_AUTOS = YES_AGGRESSIVE;
				GCC_WARN_UNUSED_FUNCTION = YES;
				GCC_WARN_UNUSED_VARIABLE = YES;
				IPHONEOS_DEPLOYMENT_TARGET = 14.5;
				MTL_ENABLE_DEBUG_INFO = INCLUDE_SOURCE;
				MTL_FAST_MATH = YES;
				ONLY_ACTIVE_ARCH = YES;
				SDKROOT = iphoneos;
				SWIFT_ACTIVE_COMPILATION_CONDITIONS = DEBUG;
				SWIFT_OPTIMIZATION_LEVEL = "-Onone";
			};
			name = Debug;
		};
		91F10F582760E33E009468C4 /* Release */ = {
			isa = XCBuildConfiguration;
			buildSettings = {
				ALWAYS_SEARCH_USER_PATHS = NO;
				CLANG_ANALYZER_NONNULL = YES;
				CLANG_ANALYZER_NUMBER_OBJECT_CONVERSION = YES_AGGRESSIVE;
				CLANG_CXX_LANGUAGE_STANDARD = "gnu++14";
				CLANG_CXX_LIBRARY = "libc++";
				CLANG_ENABLE_MODULES = YES;
				CLANG_ENABLE_OBJC_ARC = YES;
				CLANG_ENABLE_OBJC_WEAK = YES;
				CLANG_WARN_BLOCK_CAPTURE_AUTORELEASING = YES;
				CLANG_WARN_BOOL_CONVERSION = YES;
				CLANG_WARN_COMMA = YES;
				CLANG_WARN_CONSTANT_CONVERSION = YES;
				CLANG_WARN_DEPRECATED_OBJC_IMPLEMENTATIONS = YES;
				CLANG_WARN_DIRECT_OBJC_ISA_USAGE = YES_ERROR;
				CLANG_WARN_DOCUMENTATION_COMMENTS = YES;
				CLANG_WARN_EMPTY_BODY = YES;
				CLANG_WARN_ENUM_CONVERSION = YES;
				CLANG_WARN_INFINITE_RECURSION = YES;
				CLANG_WARN_INT_CONVERSION = YES;
				CLANG_WARN_NON_LITERAL_NULL_CONVERSION = YES;
				CLANG_WARN_OBJC_IMPLICIT_RETAIN_SELF = YES;
				CLANG_WARN_OBJC_LITERAL_CONVERSION = YES;
				CLANG_WARN_OBJC_ROOT_CLASS = YES_ERROR;
				CLANG_WARN_QUOTED_INCLUDE_IN_FRAMEWORK_HEADER = YES;
				CLANG_WARN_RANGE_LOOP_ANALYSIS = YES;
				CLANG_WARN_STRICT_PROTOTYPES = YES;
				CLANG_WARN_SUSPICIOUS_MOVE = YES;
				CLANG_WARN_UNGUARDED_AVAILABILITY = YES_AGGRESSIVE;
				CLANG_WARN_UNREACHABLE_CODE = YES;
				CLANG_WARN__DUPLICATE_METHOD_MATCH = YES;
				COPY_PHASE_STRIP = NO;
				DEBUG_INFORMATION_FORMAT = "dwarf-with-dsym";
				ENABLE_NS_ASSERTIONS = NO;
				ENABLE_STRICT_OBJC_MSGSEND = YES;
				GCC_C_LANGUAGE_STANDARD = gnu11;
				GCC_NO_COMMON_BLOCKS = YES;
				GCC_WARN_64_TO_32_BIT_CONVERSION = YES;
				GCC_WARN_ABOUT_RETURN_TYPE = YES_ERROR;
				GCC_WARN_UNDECLARED_SELECTOR = YES;
				GCC_WARN_UNINITIALIZED_AUTOS = YES_AGGRESSIVE;
				GCC_WARN_UNUSED_FUNCTION = YES;
				GCC_WARN_UNUSED_VARIABLE = YES;
				IPHONEOS_DEPLOYMENT_TARGET = 14.5;
				MTL_ENABLE_DEBUG_INFO = NO;
				MTL_FAST_MATH = YES;
				SDKROOT = iphoneos;
				SWIFT_COMPILATION_MODE = wholemodule;
				SWIFT_OPTIMIZATION_LEVEL = "-O";
				VALIDATE_PRODUCT = YES;
			};
			name = Release;
		};
		91F10F5A2760E33E009468C4 /* Debug */ = {
			isa = XCBuildConfiguration;
			buildSettings = {
				ASSETCATALOG_COMPILER_APPICON_NAME = AppIcon;
				ASSETCATALOG_COMPILER_GLOBAL_ACCENT_COLOR_NAME = AccentColor;
				CODE_SIGN_STYLE = Automatic;
				INFOPLIST_FILE = "15-puzzle/Info.plist";
				LD_RUNPATH_SEARCH_PATHS = (
					"$(inherited)",
					"@executable_path/Frameworks",
				);
				PRODUCT_BUNDLE_IDENTIFIER = "ee.taltech.-5-puzzle";
				PRODUCT_NAME = "$(TARGET_NAME)";
				SWIFT_VERSION = 5.0;
				TARGETED_DEVICE_FAMILY = "1,2";
			};
			name = Debug;
		};
		91F10F5B2760E33E009468C4 /* Release */ = {
			isa = XCBuildConfiguration;
			buildSettings = {
				ASSETCATALOG_COMPILER_APPICON_NAME = AppIcon;
				ASSETCATALOG_COMPILER_GLOBAL_ACCENT_COLOR_NAME = AccentColor;
				CODE_SIGN_STYLE = Automatic;
				INFOPLIST_FILE = "15-puzzle/Info.plist";
				LD_RUNPATH_SEARCH_PATHS = (
					"$(inherited)",
					"@executable_path/Frameworks",
				);
				PRODUCT_BUNDLE_IDENTIFIER = "ee.taltech.-5-puzzle";
				PRODUCT_NAME = "$(TARGET_NAME)";
				SWIFT_VERSION = 5.0;
				TARGETED_DEVICE_FAMILY = "1,2";
			};
			name = Release;
		};
/* End XCBuildConfiguration section */

/* Begin XCConfigurationList section */
		91F10F3D2760E33D009468C4 /* Build configuration list for PBXProject "15-puzzle" */ = {
			isa = XCConfigurationList;
			buildConfigurations = (
				91F10F572760E33E009468C4 /* Debug */,
				91F10F582760E33E009468C4 /* Release */,
			);
			defaultConfigurationIsVisible = 0;
			defaultConfigurationName = Release;
		};
		91F10F592760E33E009468C4 /* Build configuration list for PBXNativeTarget "15-puzzle" */ = {
			isa = XCConfigurationList;
			buildConfigurations = (
				91F10F5A2760E33E009468C4 /* Debug */,
				91F10F5B2760E33E009468C4 /* Release */,
			);
			defaultConfigurationIsVisible = 0;
			defaultConfigurationName = Release;
		};
/* End XCConfigurationList section */

/* Begin XCVersionGroup section */
		91F10F4E2760E33D009468C4 /* _5_puzzle.xcdatamodeld */ = {
			isa = XCVersionGroup;
			children = (
				91F10F4F2760E33D009468C4 /* _5_puzzle.xcdatamodel */,
			);
			currentVersion = 91F10F4F2760E33D009468C4 /* _5_puzzle.xcdatamodel */;
			path = _5_puzzle.xcdatamodeld;
			sourceTree = "<group>";
			versionGroupType = wrapper.xcdatamodel;
		};
/* End XCVersionGroup section */
	};
	rootObject = 91F10F3A2760E33D009468C4 /* Project object */;
}
